// !$*UTF8*$!
{
	archiveVersion = 1;
	classes = {
	};
	objectVersion = 46;
	objects = {

/* Begin PBXBuildFile section */
		074180881A33AB560049D64B /* AppDelegate.swift in Sources */ = {isa = PBXBuildFile; fileRef = 074180871A33AB560049D64B /* AppDelegate.swift */; };
		0741808A1A33AB560049D64B /* ViewController.swift in Sources */ = {isa = PBXBuildFile; fileRef = 074180891A33AB560049D64B /* ViewController.swift */; };
		0741808D1A33AB560049D64B /* Main.storyboard in Resources */ = {isa = PBXBuildFile; fileRef = 0741808B1A33AB560049D64B /* Main.storyboard */; };
		0741808F1A33AB560049D64B /* Images.xcassets in Resources */ = {isa = PBXBuildFile; fileRef = 0741808E1A33AB560049D64B /* Images.xcassets */; };
		074180921A33AB560049D64B /* LaunchScreen.xib in Resources */ = {isa = PBXBuildFile; fileRef = 074180901A33AB560049D64B /* LaunchScreen.xib */; };
		0741809E1A33AB560049D64B /* PostcardTests.swift in Sources */ = {isa = PBXBuildFile; fileRef = 0741809D1A33AB560049D64B /* PostcardTests.swift */; };
		074180A81A34DECD0049D64B /* SagradaFamilia.jpeg in Resources */ = {isa = PBXBuildFile; fileRef = 074180A71A34DECD0049D64B /* SagradaFamilia.jpeg */; };
		074180AA1A34EC190049D64B /* AlbertEinsteinStamp.jpg in Resources */ = {isa = PBXBuildFile; fileRef = 074180A91A34EC190049D64B /* AlbertEinsteinStamp.jpg */; };
/* End PBXBuildFile section */

/* Begin PBXContainerItemProxy section */
		074180981A33AB560049D64B /* PBXContainerItemProxy */ = {
			isa = PBXContainerItemProxy;
			containerPortal = 0741807A1A33AB550049D64B /* Project object */;
			proxyType = 1;
			remoteGlobalIDString = 074180811A33AB550049D64B;
			remoteInfo = Postcard;
		};
/* End PBXContainerItemProxy section */

/* Begin PBXFileReference section */
		074180821A33AB550049D64B /* Postcard.app */ = {isa = PBXFileReference; explicitFileType = wrapper.application; includeInIndex = 0; path = Postcard.app; sourceTree = BUILT_PRODUCTS_DIR; };
		074180861A33AB560049D64B /* Info.plist */ = {isa = PBXFileReference; lastKnownFileType = text.plist.xml; path = Info.plist; sourceTree = "<group>"; };
		074180871A33AB560049D64B /* AppDelegate.swift */ = {isa = PBXFileReference; lastKnownFileType = sourcecode.swift; path = AppDelegate.swift; sourceTree = "<group>"; };
		074180891A33AB560049D64B /* ViewController.swift */ = {isa = PBXFileReference; lastKnownFileType = sourcecode.swift; path = ViewController.swift; sourceTree = "<group>"; };
		0741808C1A33AB560049D64B /* Base */ = {isa = PBXFileReference; lastKnownFileType = file.storyboard; name = Base; path = Base.lproj/Main.storyboard; sourceTree = "<group>"; };
		0741808E1A33AB560049D64B /* Images.xcassets */ = {isa = PBXFileReference; lastKnownFileType = folder.assetcatalog; path = Images.xcassets; sourceTree = "<group>"; };
		074180911A33AB560049D64B /* Base */ = {isa = PBXFileReference; lastKnownFileType = file.xib; name = Base; path = Base.lproj/LaunchScreen.xib; sourceTree = "<group>"; };
		074180971A33AB560049D64B /* PostcardTests.xctest */ = {isa = PBXFileReference; explicitFileType = wrapper.cfbundle; includeInIndex = 0; path = PostcardTests.xctest; sourceTree = BUILT_PRODUCTS_DIR; };
		0741809C1A33AB560049D64B /* Info.plist */ = {isa = PBXFileReference; lastKnownFileType = text.plist.xml; path = Info.plist; sourceTree = "<group>"; };
		0741809D1A33AB560049D64B /* PostcardTests.swift */ = {isa = PBXFileReference; lastKnownFileType = sourcecode.swift; path = PostcardTests.swift; sourceTree = "<group>"; };
		074180A71A34DECD0049D64B /* SagradaFamilia.jpeg */ = {isa = PBXFileReference; lastKnownFileType = image.jpeg; path = SagradaFamilia.jpeg; sourceTree = "<group>"; };
		074180A91A34EC190049D64B /* AlbertEinsteinStamp.jpg */ = {isa = PBXFileReference; lastKnownFileType = image.jpeg; path = AlbertEinsteinStamp.jpg; sourceTree = "<group>"; };
/* End PBXFileReference section */

/* Begin PBXFrameworksBuildPhase section */
		0741807F1A33AB550049D64B /* Frameworks */ = {
			isa = PBXFrameworksBuildPhase;
			buildActionMask = 2147483647;
			files = (
			);
			runOnlyForDeploymentPostprocessing = 0;
		};
		074180941A33AB560049D64B /* Frameworks */ = {
			isa = PBXFrameworksBuildPhase;
			buildActionMask = 2147483647;
			files = (
			);
			runOnlyForDeploymentPostprocessing = 0;
		};
/* End PBXFrameworksBuildPhase section */

/* Begin PBXGroup section */
		074180791A33AB550049D64B = {
			isa = PBXGroup;
			children = (
				074180841A33AB550049D64B /* Postcard */,
				0741809A1A33AB560049D64B /* PostcardTests */,
				074180831A33AB550049D64B /* Products */,
			);
			sourceTree = "<group>";
		};
		074180831A33AB550049D64B /* Products */ = {
			isa = PBXGroup;
			children = (
				074180821A33AB550049D64B /* Postcard.app */,
				074180971A33AB560049D64B /* PostcardTests.xctest */,
			);
			name = Products;
			sourceTree = "<group>";
		};
		074180841A33AB550049D64B /* Postcard */ = {
			isa = PBXGroup;
			children = (
				074180871A33AB560049D64B /* AppDelegate.swift */,
				074180891A33AB560049D64B /* ViewController.swift */,
				0741808B1A33AB560049D64B /* Main.storyboard */,
				0741808E1A33AB560049D64B /* Images.xcassets */,
				074180901A33AB560049D64B /* LaunchScreen.xib */,
				074180851A33AB550049D64B /* Supporting Files */,
			);
			path = Postcard;
			sourceTree = "<group>";
		};
		074180851A33AB550049D64B /* Supporting Files */ = {
			isa = PBXGroup;
			children = (
				074180A91A34EC190049D64B /* AlbertEinsteinStamp.jpg */,
				074180A71A34DECD0049D64B /* SagradaFamilia.jpeg */,
				074180861A33AB560049D64B /* Info.plist */,
			);
			name = "Supporting Files";
			sourceTree = "<group>";
		};
		0741809A1A33AB560049D64B /* PostcardTests */ = {
			isa = PBXGroup;
			children = (
				0741809D1A33AB560049D64B /* PostcardTests.swift */,
				0741809B1A33AB560049D64B /* Supporting Files */,
			);
			path = PostcardTests;
			sourceTree = "<group>";
		};
		0741809B1A33AB560049D64B /* Supporting Files */ = {
			isa = PBXGroup;
			children = (
				0741809C1A33AB560049D64B /* Info.plist */,
			);
			name = "Supporting Files";
			sourceTree = "<group>";
		};
/* End PBXGroup section */

/* Begin PBXNativeTarget section */
		074180811A33AB550049D64B /* Postcard */ = {
			isa = PBXNativeTarget;
			buildConfigurationList = 074180A11A33AB560049D64B /* Build configuration list for PBXNativeTarget "Postcard" */;
			buildPhases = (
				0741807E1A33AB550049D64B /* Sources */,
				0741807F1A33AB550049D64B /* Frameworks */,
				074180801A33AB550049D64B /* Resources */,
			);
			buildRules = (
			);
			dependencies = (
			);
			name = Postcard;
			productName = Postcard;
			productReference = 074180821A33AB550049D64B /* Postcard.app */;
			productType = "com.apple.product-type.application";
		};
		074180961A33AB560049D64B /* PostcardTests */ = {
			isa = PBXNativeTarget;
			buildConfigurationList = 074180A41A33AB560049D64B /* Build configuration list for PBXNativeTarget "PostcardTests" */;
			buildPhases = (
				074180931A33AB560049D64B /* Sources */,
				074180941A33AB560049D64B /* Frameworks */,
				074180951A33AB560049D64B /* Resources */,
			);
			buildRules = (
			);
			dependencies = (
				074180991A33AB560049D64B /* PBXTargetDependency */,
			);
			name = PostcardTests;
			productName = PostcardTests;
			productReference = 074180971A33AB560049D64B /* PostcardTests.xctest */;
			productType = "com.apple.product-type.bundle.unit-test";
		};
/* End PBXNativeTarget section */

/* Begin PBXProject section */
		0741807A1A33AB550049D64B /* Project object */ = {
			isa = PBXProject;
			attributes = {
				LastUpgradeCheck = 0610;
				ORGANIZATIONNAME = "Omar Hernandez";
				TargetAttributes = {
					074180811A33AB550049D64B = {
						CreatedOnToolsVersion = 6.1.1;
					};
					074180961A33AB560049D64B = {
						CreatedOnToolsVersion = 6.1.1;
						TestTargetID = 074180811A33AB550049D64B;
					};
				};
			};
			buildConfigurationList = 0741807D1A33AB550049D64B /* Build configuration list for PBXProject "Postcard" */;
			compatibilityVersion = "Xcode 3.2";
			developmentRegion = English;
			hasScannedForEncodings = 0;
			knownRegions = (
				en,
				Base,
			);
			mainGroup = 074180791A33AB550049D64B;
			productRefGroup = 074180831A33AB550049D64B /* Products */;
			projectDirPath = "";
			projectRoot = "";
			targets = (
				074180811A33AB550049D64B /* Postcard */,
				074180961A33AB560049D64B /* PostcardTests */,
			);
		};
/* End PBXProject section */

/* Begin PBXResourcesBuildPhase section */
		074180801A33AB550049D64B /* Resources */ = {
			isa = PBXResourcesBuildPhase;
			buildActionMask = 2147483647;
			files = (
				0741808D1A33AB560049D64B /* Main.storyboard in Resources */,
				074180A81A34DECD0049D64B /* SagradaFamilia.jpeg in Resources */,
				074180AA1A34EC190049D64B /* AlbertEinsteinStamp.jpg in Resources */,
				074180921A33AB560049D64B /* LaunchScreen.xib in Resources */,
				0741808F1A33AB560049D64B /* Images.xcassets in Resources */,
			);
			runOnlyForDeploymentPostprocessing = 0;
		};
		074180951A33AB560049D64B /* Resources */ = {
			isa = PBXResourcesBuildPhase;
			buildActionMask = 2147483647;
			files = (
			);
			runOnlyForDeploymentPostprocessing = 0;
		};
/* End PBXResourcesBuildPhase section */

/* Begin PBXSourcesBuildPhase section */
		0741807E1A33AB550049D64B /* Sources */ = {
			isa = PBXSourcesBuildPhase;
			buildActionMask = 2147483647;
			files = (
				0741808A1A33AB560049D64B /* ViewController.swift in Sources */,
				074180881A33AB560049D64B /* AppDelegate.swift in Sources */,
			);
			runOnlyForDeploymentPostprocessing = 0;
		};
		074180931A33AB560049D64B /* Sources */ = {
			isa = PBXSourcesBuildPhase;
			buildActionMask = 2147483647;
			files = (
				0741809E1A33AB560049D64B /* PostcardTests.swift in Sources */,
			);
			runOnlyForDeploymentPostprocessing = 0;
		};
/* End PBXSourcesBuildPhase section */

/* Begin PBXTargetDependency section */
		074180991A33AB560049D64B /* PBXTargetDependency */ = {
			isa = PBXTargetDependency;
			target = 074180811A33AB550049D64B /* Postcard */;
			targetProxy = 074180981A33AB560049D64B /* PBXContainerItemProxy */;
		};
/* End PBXTargetDependency section */

/* Begin PBXVariantGroup section */
		0741808B1A33AB560049D64B /* Main.storyboard */ = {
			isa = PBXVariantGroup;
			children = (
				0741808C1A33AB560049D64B /* Base */,
			);
			name = Main.storyboard;
			sourceTree = "<group>";
		};
		074180901A33AB560049D64B /* LaunchScreen.xib */ = {
			isa = PBXVariantGroup;
			children = (
				074180911A33AB560049D64B /* Base */,
			);
			name = LaunchScreen.xib;
			sourceTree = "<group>";
		};
/* End PBXVariantGroup section */

/* Begin XCBuildConfiguration section */
		0741809F1A33AB560049D64B /* Debug */ = {
			isa = XCBuildConfiguration;
			buildSettings = {
				ALWAYS_SEARCH_USER_PATHS = NO;
				CLANG_CXX_LANGUAGE_STANDARD = "gnu++0x";
				CLANG_CXX_LIBRARY = "libc++";
				CLANG_ENABLE_MODULES = YES;
				CLANG_ENABLE_OBJC_ARC = YES;
				CLANG_WARN_BOOL_CONVERSION = YES;
				CLANG_WARN_CONSTANT_CONVERSION = YES;
				CLANG_WARN_DIRECT_OBJC_ISA_USAGE = YES_ERROR;
				CLANG_WARN_EMPTY_BODY = YES;
				CLANG_WARN_ENUM_CONVERSION = YES;
				CLANG_WARN_INT_CONVERSION = YES;
				CLANG_WARN_OBJC_ROOT_CLASS = YES_ERROR;
				CLANG_WARN_UNREACHABLE_CODE = YES;
				CLANG_WARN__DUPLICATE_METHOD_MATCH = YES;
				"CODE_SIGN_IDENTITY[sdk=iphoneos*]" = "iPhone Developer";
				COPY_PHASE_STRIP = NO;
				ENABLE_STRICT_OBJC_MSGSEND = YES;
				GCC_C_LANGUAGE_STANDARD = gnu99;
				GCC_DYNAMIC_NO_PIC = NO;
				GCC_OPTIMIZATION_LEVEL = 0;
				GCC_PREPROCESSOR_DEFINITIONS = (
					"DEBUG=1",
					"$(inherited)",
				);
				GCC_SYMBOLS_PRIVATE_EXTERN = NO;
				GCC_WARN_64_TO_32_BIT_CONVERSION = YES;
				GCC_WARN_ABOUT_RETURN_TYPE = YES_ERROR;
				GCC_WARN_UNDECLARED_SELECTOR = YES;
				GCC_WARN_UNINITIALIZED_AUTOS = YES_AGGRESSIVE;
				GCC_WARN_UNUSED_FUNCTION = YES;
				GCC_WARN_UNUSED_VARIABLE = YES;
				IPHONEOS_DEPLOYMENT_TARGET = 8.1;
				MTL_ENABLE_DEBUG_INFO = YES;
				ONLY_ACTIVE_ARCH = YES;
				SDKROOT = iphoneos;
				SWIFT_OPTIMIZATION_LEVEL = "-Onone";
				TARGETED_DEVICE_FAMILY = "1,2";
			};
			name = Debug;
		};
		074180A01A33AB560049D64B /* Release */ = {
			isa = XCBuildConfiguration;
			buildSettings = {
				ALWAYS_SEARCH_USER_PATHS = NO;
				CLANG_CXX_LANGUAGE_STANDARD = "gnu++0x";
				CLANG_CXX_LIBRARY = "libc++";
				CLANG_ENABLE_MODULES = YES;
				CLANG_ENABLE_OBJC_ARC = YES;
				CLANG_WARN_BOOL_CONVERSION = YES;
				CLANG_WARN_CONSTANT_CONVERSION = YES;
				CLANG_WARN_DIRECT_OBJC_ISA_USAGE = YES_ERROR;
				CLANG_WARN_EMPTY_BODY = YES;
				CLANG_WARN_ENUM_CONVERSION = YES;
				CLANG_WARN_INT_CONVERSION = YES;
				CLANG_WARN_OBJC_ROOT_CLASS = YES_ERROR;
				CLANG_WARN_UNREACHABLE_CODE = YES;
				CLANG_WARN__DUPLICATE_METHOD_MATCH = YES;
				"CODE_SIGN_IDENTITY[sdk=iphoneos*]" = "iPhone Developer";
				COPY_PHASE_STRIP = YES;
				ENABLE_NS_ASSERTIONS = NO;
				ENABLE_STRICT_OBJC_MSGSEND = YES;
				GCC_C_LANGUAGE_STANDARD = gnu99;
				GCC_WARN_64_TO_32_BIT_CONVERSION = YES;
				GCC_WARN_ABOUT_RETURN_TYPE = YES_ERROR;
				GCC_WARN_UNDECLARED_SELECTOR = YES;
				GCC_WARN_UNINITIALIZED_AUTOS = YES_AGGRESSIVE;
				GCC_WARN_UNUSED_FUNCTION = YES;
				GCC_WARN_UNUSED_VARIABLE = YES;
				IPHONEOS_DEPLOYMENT_TARGET = 8.1;
				MTL_ENABLE_DEBUG_INFO = NO;
				SDKROOT = iphoneos;
				TARGETED_DEVICE_FAMILY = "1,2";
				VALIDATE_PRODUCT = YES;
			};
			name = Release;
		};
		074180A21A33AB560049D64B /* Debug */ = {
			isa = XCBuildConfiguration;
			buildSettings = {
				ASSETCATALOG_COMPILER_APPICON_NAME = AppIcon;
				INFOPLIST_FILE = Postcard/Info.plist;
				LD_RUNPATH_SEARCH_PATHS = "$(inherited) @executable_path/Frameworks";
				PRODUCT_NAME = "$(TARGET_NAME)";
			};
			name = Debug;
		};
		074180A31A33AB560049D64B /* Release */ = {
			isa = XCBuildConfiguration;
			buildSettings = {
				ASSETCATALOG_COMPILER_APPICON_NAME = AppIcon;
				INFOPLIST_FILE = Postcard/Info.plist;
				LD_RUNPATH_SEARCH_PATHS = "$(inherited) @executable_path/Frameworks";
				PRODUCT_NAME = "$(TARGET_NAME)";
			};
			name = Release;
		};
		074180A51A33AB560049D64B /* Debug */ = {
			isa = XCBuildConfiguration;
			buildSettings = {
				BUNDLE_LOADER = "$(TEST_HOST)";
				FRAMEWORK_SEARCH_PATHS = (
					"$(SDKROOT)/Developer/Library/Frameworks",
					"$(inherited)",
				);
				GCC_PREPROCESSOR_DEFINITIONS = (
					"DEBUG=1",
					"$(inherited)",
				);
				INFOPLIST_FILE = PostcardTests/Info.plist;
				LD_RUNPATH_SEARCH_PATHS = "$(inherited) @executable_path/Frameworks @loader_path/Frameworks";
				PRODUCT_NAME = "$(TARGET_NAME)";
				TEST_HOST = "$(BUILT_PRODUCTS_DIR)/Postcard.app/Postcard";
			};
			name = Debug;
		};
		074180A61A33AB560049D64B /* Release */ = {
			isa = XCBuildConfiguration;
			buildSettings = {
				BUNDLE_LOADER = "$(TEST_HOST)";
				FRAMEWORK_SEARCH_PATHS = (
					"$(SDKROOT)/Developer/Library/Frameworks",
					"$(inherited)",
				);
				INFOPLIST_FILE = PostcardTests/Info.plist;
				LD_RUNPATH_SEARCH_PATHS = "$(inherited) @executable_path/Frameworks @loader_path/Frameworks";
				PRODUCT_NAME = "$(TARGET_NAME)";
				TEST_HOST = "$(BUILT_PRODUCTS_DIR)/Postcard.app/Postcard";
			};
			name = Release;
		};
/* End XCBuildConfiguration section */

/* Begin XCConfigurationList section */
		0741807D1A33AB550049D64B /* Build configuration list for PBXProject "Postcard" */ = {
			isa = XCConfigurationList;
			buildConfigurations = (
				0741809F1A33AB560049D64B /* Debug */,
				074180A01A33AB560049D64B /* Release */,
			);
			defaultConfigurationIsVisible = 0;
			defaultConfigurationName = Release;
		};
		074180A11A33AB560049D64B /* Build configuration list for PBXNativeTarget "Postcard" */ = {
			isa = XCConfigurationList;
			buildConfigurations = (
				074180A21A33AB560049D64B /* Debug */,
				074180A31A33AB560049D64B /* Release */,
			);
			defaultConfigurationIsVisible = 0;
		};
		074180A41A33AB560049D64B /* Build configuration list for PBXNativeTarget "PostcardTests" */ = {
			isa = XCConfigurationList;
			buildConfigurations = (
				074180A51A33AB560049D64B /* Debug */,
				074180A61A33AB560049D64B /* Release */,
			);
			defaultConfigurationIsVisible = 0;
		};
/* End XCConfigurationList section */
	};
	rootObject = 0741807A1A33AB550049D64B /* Project object */;
}
